// !$*UTF8*$!
{
	archiveVersion = 1;
	classes = {
	};
	objectVersion = 55;
	objects = {

/* Begin PBXBuildFile section */
		DB1CC8A42690643600BE2280 /* URL+AppGroup.swift in Sources */ = {isa = PBXBuildFile; fileRef = DBC675AD269040D100E5A5C0 /* URL+AppGroup.swift */; };
		DB1CC8A82691AB0F00BE2280 /* ResourceAccessData.swift in Sources */ = {isa = PBXBuildFile; fileRef = DB1CC8A72691AB0F00BE2280 /* ResourceAccessData.swift */; };
		DB1CC8AA2691ABE300BE2280 /* ReportParser.swift in Sources */ = {isa = PBXBuildFile; fileRef = DB1CC8A92691ABE300BE2280 /* ReportParser.swift */; };
		DB48EA3626824CB1009DE47E /* AppActivityViewerApp.swift in Sources */ = {isa = PBXBuildFile; fileRef = DB48EA3526824CB1009DE47E /* AppActivityViewerApp.swift */; };
		DB48EA3826824CB1009DE47E /* AppsView.swift in Sources */ = {isa = PBXBuildFile; fileRef = DB48EA3726824CB1009DE47E /* AppsView.swift */; };
		DB48EA3A26824CB2009DE47E /* Assets.xcassets in Resources */ = {isa = PBXBuildFile; fileRef = DB48EA3926824CB2009DE47E /* Assets.xcassets */; };
		DB48EA3D26824CB2009DE47E /* Preview Assets.xcassets in Resources */ = {isa = PBXBuildFile; fileRef = DB48EA3C26824CB2009DE47E /* Preview Assets.xcassets */; };
		DB5D207E268B930400AEBAFB /* NetworkActivity.swift in Sources */ = {isa = PBXBuildFile; fileRef = DB5D207D268B930400AEBAFB /* NetworkActivity.swift */; };
		DBAAE8C5268E3ADC005BB0C4 /* SingleAppView.swift in Sources */ = {isa = PBXBuildFile; fileRef = DBAAE8C4268E3ADC005BB0C4 /* SingleAppView.swift */; };
		DBAAE8C7268E4A2A005BB0C4 /* SearchBar.swift in Sources */ = {isa = PBXBuildFile; fileRef = DBAAE8C6268E4A2A005BB0C4 /* SearchBar.swift */; };
		DBC67599268F91B400E5A5C0 /* ShareViewController.swift in Sources */ = {isa = PBXBuildFile; fileRef = DBC67598268F91B400E5A5C0 /* ShareViewController.swift */; };
		DBC6759C268F91B400E5A5C0 /* MainInterface.storyboard in Resources */ = {isa = PBXBuildFile; fileRef = DBC6759A268F91B400E5A5C0 /* MainInterface.storyboard */; };
		DBC675A0268F91B400E5A5C0 /* ShareExtension.appex in Embed App Extensions */ = {isa = PBXBuildFile; fileRef = DBC67596268F91B400E5A5C0 /* ShareExtension.appex */; settings = {ATTRIBUTES = (RemoveHeadersOnCopy, ); }; };
		DBC675A7269033E000E5A5C0 /* DirectoryView.swift in Sources */ = {isa = PBXBuildFile; fileRef = DBC675A6269033E000E5A5C0 /* DirectoryView.swift */; };
		DBC675A926903E2900E5A5C0 /* Helper.swift in Sources */ = {isa = PBXBuildFile; fileRef = DBC675A826903E2900E5A5C0 /* Helper.swift */; };
		DBC675AE269040D100E5A5C0 /* URL+AppGroup.swift in Sources */ = {isa = PBXBuildFile; fileRef = DBC675AD269040D100E5A5C0 /* URL+AppGroup.swift */; };
/* End PBXBuildFile section */

/* Begin PBXContainerItemProxy section */
		DBC6759E268F91B400E5A5C0 /* PBXContainerItemProxy */ = {
			isa = PBXContainerItemProxy;
			containerPortal = DB48EA2A26824CB0009DE47E /* Project object */;
			proxyType = 1;
			remoteGlobalIDString = DBC67595268F91B400E5A5C0;
			remoteInfo = ShareExtension;
		};
/* End PBXContainerItemProxy section */

/* Begin PBXCopyFilesBuildPhase section */
		DBC67591268F911200E5A5C0 /* Embed App Extensions */ = {
			isa = PBXCopyFilesBuildPhase;
			buildActionMask = 2147483647;
			dstPath = "";
			dstSubfolderSpec = 13;
			files = (
				DBC675A0268F91B400E5A5C0 /* ShareExtension.appex in Embed App Extensions */,
			);
			name = "Embed App Extensions";
			runOnlyForDeploymentPostprocessing = 0;
		};
/* End PBXCopyFilesBuildPhase section */

/* Begin PBXFileReference section */
		DB1CC8A02690597300BE2280 /* Info.plist */ = {isa = PBXFileReference; lastKnownFileType = text.plist; path = Info.plist; sourceTree = "<group>"; };
		DB1CC8A72691AB0F00BE2280 /* ResourceAccessData.swift */ = {isa = PBXFileReference; lastKnownFileType = sourcecode.swift; path = ResourceAccessData.swift; sourceTree = "<group>"; };
		DB1CC8A92691ABE300BE2280 /* ReportParser.swift */ = {isa = PBXFileReference; lastKnownFileType = sourcecode.swift; path = ReportParser.swift; sourceTree = "<group>"; };
		DB48EA3226824CB1009DE47E /* AppActivityViewer.app */ = {isa = PBXFileReference; explicitFileType = wrapper.application; includeInIndex = 0; path = AppActivityViewer.app; sourceTree = BUILT_PRODUCTS_DIR; };
		DB48EA3526824CB1009DE47E /* AppActivityViewerApp.swift */ = {isa = PBXFileReference; lastKnownFileType = sourcecode.swift; path = AppActivityViewerApp.swift; sourceTree = "<group>"; };
		DB48EA3726824CB1009DE47E /* AppsView.swift */ = {isa = PBXFileReference; lastKnownFileType = sourcecode.swift; path = AppsView.swift; sourceTree = "<group>"; };
		DB48EA3926824CB2009DE47E /* Assets.xcassets */ = {isa = PBXFileReference; lastKnownFileType = folder.assetcatalog; path = Assets.xcassets; sourceTree = "<group>"; };
		DB48EA3C26824CB2009DE47E /* Preview Assets.xcassets */ = {isa = PBXFileReference; lastKnownFileType = folder.assetcatalog; path = "Preview Assets.xcassets"; sourceTree = "<group>"; };
		DB5D207D268B930400AEBAFB /* NetworkActivity.swift */ = {isa = PBXFileReference; lastKnownFileType = sourcecode.swift; path = NetworkActivity.swift; sourceTree = "<group>"; };
		DBAAE8C4268E3ADC005BB0C4 /* SingleAppView.swift */ = {isa = PBXFileReference; lastKnownFileType = sourcecode.swift; path = SingleAppView.swift; sourceTree = "<group>"; };
		DBAAE8C6268E4A2A005BB0C4 /* SearchBar.swift */ = {isa = PBXFileReference; lastKnownFileType = sourcecode.swift; path = SearchBar.swift; sourceTree = "<group>"; };
		DBC67596268F91B400E5A5C0 /* ShareExtension.appex */ = {isa = PBXFileReference; explicitFileType = "wrapper.app-extension"; includeInIndex = 0; path = ShareExtension.appex; sourceTree = BUILT_PRODUCTS_DIR; };
		DBC67598268F91B400E5A5C0 /* ShareViewController.swift */ = {isa = PBXFileReference; lastKnownFileType = sourcecode.swift; path = ShareViewController.swift; sourceTree = "<group>"; };
		DBC6759B268F91B400E5A5C0 /* Base */ = {isa = PBXFileReference; lastKnownFileType = file.storyboard; name = Base; path = Base.lproj/MainInterface.storyboard; sourceTree = "<group>"; };
		DBC6759D268F91B400E5A5C0 /* Info.plist */ = {isa = PBXFileReference; lastKnownFileType = text.plist.xml; path = Info.plist; sourceTree = "<group>"; };
		DBC675A426901A8900E5A5C0 /* AppActivityViewer.entitlements */ = {isa = PBXFileReference; lastKnownFileType = text.plist.entitlements; path = AppActivityViewer.entitlements; sourceTree = "<group>"; };
		DBC675A526901B1D00E5A5C0 /* ShareExtension.entitlements */ = {isa = PBXFileReference; lastKnownFileType = text.plist.entitlements; path = ShareExtension.entitlements; sourceTree = "<group>"; };
		DBC675A6269033E000E5A5C0 /* DirectoryView.swift */ = {isa = PBXFileReference; lastKnownFileType = sourcecode.swift; path = DirectoryView.swift; sourceTree = "<group>"; };
		DBC675A826903E2900E5A5C0 /* Helper.swift */ = {isa = PBXFileReference; lastKnownFileType = sourcecode.swift; path = Helper.swift; sourceTree = "<group>"; };
		DBC675AD269040D100E5A5C0 /* URL+AppGroup.swift */ = {isa = PBXFileReference; lastKnownFileType = sourcecode.swift; path = "URL+AppGroup.swift"; sourceTree = "<group>"; };
/* End PBXFileReference section */

/* Begin PBXFrameworksBuildPhase section */
		DB48EA2F26824CB0009DE47E /* Frameworks */ = {
			isa = PBXFrameworksBuildPhase;
			buildActionMask = 2147483647;
			files = (
			);
			runOnlyForDeploymentPostprocessing = 0;
		};
		DBC67593268F91B400E5A5C0 /* Frameworks */ = {
			isa = PBXFrameworksBuildPhase;
			buildActionMask = 2147483647;
			files = (
			);
			runOnlyForDeploymentPostprocessing = 0;
		};
/* End PBXFrameworksBuildPhase section */

/* Begin PBXGroup section */
		DB48EA2926824CB0009DE47E = {
			isa = PBXGroup;
			children = (
				DB48EA3426824CB1009DE47E /* AppActivityViewer */,
				DBC67597268F91B400E5A5C0 /* ShareExtension */,
				DB48EA3326824CB1009DE47E /* Products */,
			);
			sourceTree = "<group>";
		};
		DB48EA3326824CB1009DE47E /* Products */ = {
			isa = PBXGroup;
			children = (
				DB48EA3226824CB1009DE47E /* AppActivityViewer.app */,
				DBC67596268F91B400E5A5C0 /* ShareExtension.appex */,
			);
			name = Products;
			sourceTree = "<group>";
		};
		DB48EA3426824CB1009DE47E /* AppActivityViewer */ = {
			isa = PBXGroup;
			children = (
				DB1CC8A02690597300BE2280 /* Info.plist */,
				DBC675AB26903F7300E5A5C0 /* Model */,
				DBC675A426901A8900E5A5C0 /* AppActivityViewer.entitlements */,
				DB48EA3526824CB1009DE47E /* AppActivityViewerApp.swift */,
				DBC675AC26903F9400E5A5C0 /* Helper */,
				DBC675AA26903F6000E5A5C0 /* View */,
				DB48EA3926824CB2009DE47E /* Assets.xcassets */,
				DB48EA3B26824CB2009DE47E /* Preview Content */,
			);
			path = AppActivityViewer;
			sourceTree = "<group>";
		};
		DB48EA3B26824CB2009DE47E /* Preview Content */ = {
			isa = PBXGroup;
			children = (
				DB48EA3C26824CB2009DE47E /* Preview Assets.xcassets */,
			);
			path = "Preview Content";
			sourceTree = "<group>";
		};
		DBC67597268F91B400E5A5C0 /* ShareExtension */ = {
			isa = PBXGroup;
			children = (
				DBC675A526901B1D00E5A5C0 /* ShareExtension.entitlements */,
				DBC67598268F91B400E5A5C0 /* ShareViewController.swift */,
				DBC6759A268F91B400E5A5C0 /* MainInterface.storyboard */,
				DBC6759D268F91B400E5A5C0 /* Info.plist */,
			);
			path = ShareExtension;
			sourceTree = "<group>";
		};
		DBC675AA26903F6000E5A5C0 /* View */ = {
			isa = PBXGroup;
			children = (
				DB48EA3726824CB1009DE47E /* AppsView.swift */,
				DBC675A6269033E000E5A5C0 /* DirectoryView.swift */,
				DBAAE8C6268E4A2A005BB0C4 /* SearchBar.swift */,
				DBAAE8C4268E3ADC005BB0C4 /* SingleAppView.swift */,
			);
			path = View;
			sourceTree = "<group>";
		};
		DBC675AB26903F7300E5A5C0 /* Model */ = {
			isa = PBXGroup;
			children = (
				DB5D207D268B930400AEBAFB /* NetworkActivity.swift */,
				DB1CC8A72691AB0F00BE2280 /* ResourceAccessData.swift */,
				DB1CC8A92691ABE300BE2280 /* ReportParser.swift */,
			);
			path = Model;
			sourceTree = "<group>";
		};
		DBC675AC26903F9400E5A5C0 /* Helper */ = {
			isa = PBXGroup;
			children = (
				DBC675AD269040D100E5A5C0 /* URL+AppGroup.swift */,
				DBC675A826903E2900E5A5C0 /* Helper.swift */,
			);
			path = Helper;
			sourceTree = "<group>";
		};
/* End PBXGroup section */

/* Begin PBXNativeTarget section */
		DB48EA3126824CB0009DE47E /* AppActivityViewer */ = {
			isa = PBXNativeTarget;
			buildConfigurationList = DB48EA4026824CB2009DE47E /* Build configuration list for PBXNativeTarget "AppActivityViewer" */;
			buildPhases = (
				DB48EA2E26824CB0009DE47E /* Sources */,
				DB48EA2F26824CB0009DE47E /* Frameworks */,
				DB48EA3026824CB0009DE47E /* Resources */,
				DBC67591268F911200E5A5C0 /* Embed App Extensions */,
			);
			buildRules = (
			);
			dependencies = (
				DBC6759F268F91B400E5A5C0 /* PBXTargetDependency */,
			);
			name = AppActivityViewer;
			packageProductDependencies = (
			);
			productName = AppActivityViewer;
			productReference = DB48EA3226824CB1009DE47E /* AppActivityViewer.app */;
			productType = "com.apple.product-type.application";
		};
		DBC67595268F91B400E5A5C0 /* ShareExtension */ = {
			isa = PBXNativeTarget;
			buildConfigurationList = DBC675A1268F91B400E5A5C0 /* Build configuration list for PBXNativeTarget "ShareExtension" */;
			buildPhases = (
				DBC67592268F91B400E5A5C0 /* Sources */,
				DBC67593268F91B400E5A5C0 /* Frameworks */,
				DBC67594268F91B400E5A5C0 /* Resources */,
			);
			buildRules = (
			);
			dependencies = (
			);
			name = ShareExtension;
			productName = ShareExtension;
			productReference = DBC67596268F91B400E5A5C0 /* ShareExtension.appex */;
			productType = "com.apple.product-type.app-extension";
		};
/* End PBXNativeTarget section */

/* Begin PBXProject section */
		DB48EA2A26824CB0009DE47E /* Project object */ = {
			isa = PBXProject;
			attributes = {
				BuildIndependentTargetsInParallel = 1;
				LastSwiftUpdateCheck = 1300;
				LastUpgradeCheck = 1300;
				TargetAttributes = {
					DB48EA3126824CB0009DE47E = {
						CreatedOnToolsVersion = 13.0;
					};
					DBC67595268F91B400E5A5C0 = {
						CreatedOnToolsVersion = 13.0;
					};
				};
			};
			buildConfigurationList = DB48EA2D26824CB0009DE47E /* Build configuration list for PBXProject "AppActivityViewer" */;
			compatibilityVersion = "Xcode 13.0";
			developmentRegion = en;
			hasScannedForEncodings = 0;
			knownRegions = (
				en,
				Base,
			);
			mainGroup = DB48EA2926824CB0009DE47E;
			packageReferences = (
			);
			productRefGroup = DB48EA3326824CB1009DE47E /* Products */;
			projectDirPath = "";
			projectRoot = "";
			targets = (
				DB48EA3126824CB0009DE47E /* AppActivityViewer */,
				DBC67595268F91B400E5A5C0 /* ShareExtension */,
			);
		};
/* End PBXProject section */

/* Begin PBXResourcesBuildPhase section */
		DB48EA3026824CB0009DE47E /* Resources */ = {
			isa = PBXResourcesBuildPhase;
			buildActionMask = 2147483647;
			files = (
				DB48EA3D26824CB2009DE47E /* Preview Assets.xcassets in Resources */,
				DB48EA3A26824CB2009DE47E /* Assets.xcassets in Resources */,
			);
			runOnlyForDeploymentPostprocessing = 0;
		};
		DBC67594268F91B400E5A5C0 /* Resources */ = {
			isa = PBXResourcesBuildPhase;
			buildActionMask = 2147483647;
			files = (
				DBC6759C268F91B400E5A5C0 /* MainInterface.storyboard in Resources */,
			);
			runOnlyForDeploymentPostprocessing = 0;
		};
/* End PBXResourcesBuildPhase section */

/* Begin PBXSourcesBuildPhase section */
		DB48EA2E26824CB0009DE47E /* Sources */ = {
			isa = PBXSourcesBuildPhase;
			buildActionMask = 2147483647;
			files = (
				DB48EA3826824CB1009DE47E /* AppsView.swift in Sources */,
				DBC675AE269040D100E5A5C0 /* URL+AppGroup.swift in Sources */,
				DBAAE8C5268E3ADC005BB0C4 /* SingleAppView.swift in Sources */,
				DBC675A7269033E000E5A5C0 /* DirectoryView.swift in Sources */,
				DB1CC8AA2691ABE300BE2280 /* ReportParser.swift in Sources */,
				DBAAE8C7268E4A2A005BB0C4 /* SearchBar.swift in Sources */,
				DB5D207E268B930400AEBAFB /* NetworkActivity.swift in Sources */,
				DB1CC8A82691AB0F00BE2280 /* ResourceAccessData.swift in Sources */,
				DB48EA3626824CB1009DE47E /* AppActivityViewerApp.swift in Sources */,
				DBC675A926903E2900E5A5C0 /* Helper.swift in Sources */,
			);
			runOnlyForDeploymentPostprocessing = 0;
		};
		DBC67592268F91B400E5A5C0 /* Sources */ = {
			isa = PBXSourcesBuildPhase;
			buildActionMask = 2147483647;
			files = (
				DBC67599268F91B400E5A5C0 /* ShareViewController.swift in Sources */,
				DB1CC8A42690643600BE2280 /* URL+AppGroup.swift in Sources */,
			);
			runOnlyForDeploymentPostprocessing = 0;
		};
/* End PBXSourcesBuildPhase section */

/* Begin PBXTargetDependency section */
		DBC6759F268F91B400E5A5C0 /* PBXTargetDependency */ = {
			isa = PBXTargetDependency;
			target = DBC67595268F91B400E5A5C0 /* ShareExtension */;
			targetProxy = DBC6759E268F91B400E5A5C0 /* PBXContainerItemProxy */;
		};
/* End PBXTargetDependency section */

/* Begin PBXVariantGroup section */
		DBC6759A268F91B400E5A5C0 /* MainInterface.storyboard */ = {
			isa = PBXVariantGroup;
			children = (
				DBC6759B268F91B400E5A5C0 /* Base */,
			);
			name = MainInterface.storyboard;
			sourceTree = "<group>";
		};
/* End PBXVariantGroup section */

/* Begin XCBuildConfiguration section */
		DB48EA3E26824CB2009DE47E /* Debug */ = {
			isa = XCBuildConfiguration;
			buildSettings = {
				ALWAYS_SEARCH_USER_PATHS = NO;
				CLANG_ANALYZER_NONNULL = YES;
				CLANG_ANALYZER_NUMBER_OBJECT_CONVERSION = YES_AGGRESSIVE;
				CLANG_CXX_LANGUAGE_STANDARD = "gnu++14";
				CLANG_CXX_LIBRARY = "libc++";
				CLANG_ENABLE_MODULES = YES;
				CLANG_ENABLE_OBJC_ARC = YES;
				CLANG_ENABLE_OBJC_WEAK = YES;
				CLANG_WARN_BLOCK_CAPTURE_AUTORELEASING = YES;
				CLANG_WARN_BOOL_CONVERSION = YES;
				CLANG_WARN_COMMA = YES;
				CLANG_WARN_CONSTANT_CONVERSION = YES;
				CLANG_WARN_DEPRECATED_OBJC_IMPLEMENTATIONS = YES;
				CLANG_WARN_DIRECT_OBJC_ISA_USAGE = YES_ERROR;
				CLANG_WARN_DOCUMENTATION_COMMENTS = YES;
				CLANG_WARN_EMPTY_BODY = YES;
				CLANG_WARN_ENUM_CONVERSION = YES;
				CLANG_WARN_INFINITE_RECURSION = YES;
				CLANG_WARN_INT_CONVERSION = YES;
				CLANG_WARN_NON_LITERAL_NULL_CONVERSION = YES;
				CLANG_WARN_OBJC_IMPLICIT_RETAIN_SELF = YES;
				CLANG_WARN_OBJC_LITERAL_CONVERSION = YES;
				CLANG_WARN_OBJC_ROOT_CLASS = YES_ERROR;
				CLANG_WARN_QUOTED_INCLUDE_IN_FRAMEWORK_HEADER = YES;
				CLANG_WARN_RANGE_LOOP_ANALYSIS = YES;
				CLANG_WARN_STRICT_PROTOTYPES = YES;
				CLANG_WARN_SUSPICIOUS_MOVE = YES;
				CLANG_WARN_UNGUARDED_AVAILABILITY = YES_AGGRESSIVE;
				CLANG_WARN_UNREACHABLE_CODE = YES;
				CLANG_WARN__DUPLICATE_METHOD_MATCH = YES;
				COPY_PHASE_STRIP = NO;
				DEBUG_INFORMATION_FORMAT = dwarf;
				ENABLE_STRICT_OBJC_MSGSEND = YES;
				ENABLE_TESTABILITY = YES;
				GCC_C_LANGUAGE_STANDARD = gnu11;
				GCC_DYNAMIC_NO_PIC = NO;
				GCC_NO_COMMON_BLOCKS = YES;
				GCC_OPTIMIZATION_LEVEL = 0;
				GCC_PREPROCESSOR_DEFINITIONS = (
					"DEBUG=1",
					"$(inherited)",
				);
				GCC_WARN_64_TO_32_BIT_CONVERSION = YES;
				GCC_WARN_ABOUT_RETURN_TYPE = YES_ERROR;
				GCC_WARN_UNDECLARED_SELECTOR = YES;
				GCC_WARN_UNINITIALIZED_AUTOS = YES_AGGRESSIVE;
				GCC_WARN_UNUSED_FUNCTION = YES;
				GCC_WARN_UNUSED_VARIABLE = YES;
				IPHONEOS_DEPLOYMENT_TARGET = 15.0;
				MTL_ENABLE_DEBUG_INFO = INCLUDE_SOURCE;
				MTL_FAST_MATH = YES;
				ONLY_ACTIVE_ARCH = YES;
				SDKROOT = iphoneos;
				SWIFT_ACTIVE_COMPILATION_CONDITIONS = DEBUG;
				SWIFT_OPTIMIZATION_LEVEL = "-Onone";
			};
			name = Debug;
		};
		DB48EA3F26824CB2009DE47E /* Release */ = {
			isa = XCBuildConfiguration;
			buildSettings = {
				ALWAYS_SEARCH_USER_PATHS = NO;
				CLANG_ANALYZER_NONNULL = YES;
				CLANG_ANALYZER_NUMBER_OBJECT_CONVERSION = YES_AGGRESSIVE;
				CLANG_CXX_LANGUAGE_STANDARD = "gnu++14";
				CLANG_CXX_LIBRARY = "libc++";
				CLANG_ENABLE_MODULES = YES;
				CLANG_ENABLE_OBJC_ARC = YES;
				CLANG_ENABLE_OBJC_WEAK = YES;
				CLANG_WARN_BLOCK_CAPTURE_AUTORELEASING = YES;
				CLANG_WARN_BOOL_CONVERSION = YES;
				CLANG_WARN_COMMA = YES;
				CLANG_WARN_CONSTANT_CONVERSION = YES;
				CLANG_WARN_DEPRECATED_OBJC_IMPLEMENTATIONS = YES;
				CLANG_WARN_DIRECT_OBJC_ISA_USAGE = YES_ERROR;
				CLANG_WARN_DOCUMENTATION_COMMENTS = YES;
				CLANG_WARN_EMPTY_BODY = YES;
				CLANG_WARN_ENUM_CONVERSION = YES;
				CLANG_WARN_INFINITE_RECURSION = YES;
				CLANG_WARN_INT_CONVERSION = YES;
				CLANG_WARN_NON_LITERAL_NULL_CONVERSION = YES;
				CLANG_WARN_OBJC_IMPLICIT_RETAIN_SELF = YES;
				CLANG_WARN_OBJC_LITERAL_CONVERSION = YES;
				CLANG_WARN_OBJC_ROOT_CLASS = YES_ERROR;
				CLANG_WARN_QUOTED_INCLUDE_IN_FRAMEWORK_HEADER = YES;
				CLANG_WARN_RANGE_LOOP_ANALYSIS = YES;
				CLANG_WARN_STRICT_PROTOTYPES = YES;
				CLANG_WARN_SUSPICIOUS_MOVE = YES;
				CLANG_WARN_UNGUARDED_AVAILABILITY = YES_AGGRESSIVE;
				CLANG_WARN_UNREACHABLE_CODE = YES;
				CLANG_WARN__DUPLICATE_METHOD_MATCH = YES;
				COPY_PHASE_STRIP = NO;
				DEBUG_INFORMATION_FORMAT = "dwarf-with-dsym";
				ENABLE_NS_ASSERTIONS = NO;
				ENABLE_STRICT_OBJC_MSGSEND = YES;
				GCC_C_LANGUAGE_STANDARD = gnu11;
				GCC_NO_COMMON_BLOCKS = YES;
				GCC_WARN_64_TO_32_BIT_CONVERSION = YES;
				GCC_WARN_ABOUT_RETURN_TYPE = YES_ERROR;
				GCC_WARN_UNDECLARED_SELECTOR = YES;
				GCC_WARN_UNINITIALIZED_AUTOS = YES_AGGRESSIVE;
				GCC_WARN_UNUSED_FUNCTION = YES;
				GCC_WARN_UNUSED_VARIABLE = YES;
				IPHONEOS_DEPLOYMENT_TARGET = 15.0;
				MTL_ENABLE_DEBUG_INFO = NO;
				MTL_FAST_MATH = YES;
				SDKROOT = iphoneos;
				SWIFT_COMPILATION_MODE = wholemodule;
				SWIFT_OPTIMIZATION_LEVEL = "-O";
				VALIDATE_PRODUCT = YES;
			};
			name = Release;
		};
		DB48EA4126824CB2009DE47E /* Debug */ = {
			isa = XCBuildConfiguration;
			buildSettings = {
				ALWAYS_EMBED_SWIFT_STANDARD_LIBRARIES = YES;
				ASSETCATALOG_COMPILER_APPICON_NAME = AppIcon;
				ASSETCATALOG_COMPILER_GLOBAL_ACCENT_COLOR_NAME = AccentColor;
				CODE_SIGN_ENTITLEMENTS = AppActivityViewer/AppActivityViewer.entitlements;
				CODE_SIGN_STYLE = Automatic;
				CURRENT_PROJECT_VERSION = 1;
				DEVELOPMENT_ASSET_PATHS = "\"AppActivityViewer/Preview Content\"";
				DEVELOPMENT_TEAM = 345U2QDT6A;
				ENABLE_PREVIEWS = YES;
				GENERATE_INFOPLIST_FILE = YES;
				INFOPLIST_FILE = AppActivityViewer/Info.plist;
				INFOPLIST_KEY_CFBundleDisplayName = "App Activity";
				INFOPLIST_KEY_CFBundleExecutable = AppActivityViewer;
				INFOPLIST_KEY_CFBundleName = AppActivityViewer;
				INFOPLIST_KEY_CFBundleVersion = 1;
				INFOPLIST_KEY_UIApplicationSceneManifest_Generation = YES;
				INFOPLIST_KEY_UIApplicationSupportsIndirectInputEvents = YES;
				INFOPLIST_KEY_UILaunchScreen_Generation = YES;
				INFOPLIST_KEY_UISupportedInterfaceOrientations_iPad = "UIInterfaceOrientationPortrait UIInterfaceOrientationPortraitUpsideDown UIInterfaceOrientationLandscapeLeft UIInterfaceOrientationLandscapeRight";
				INFOPLIST_KEY_UISupportedInterfaceOrientations_iPhone = "UIInterfaceOrientationPortrait UIInterfaceOrientationLandscapeLeft UIInterfaceOrientationLandscapeRight";
				IPHONEOS_DEPLOYMENT_TARGET = 15.0;
				LD_RUNPATH_SEARCH_PATHS = (
					"$(inherited)",
					"@executable_path/Frameworks",
				);
				MARKETING_VERSION = 1.0;
				PRODUCT_BUNDLE_IDENTIFIER = cj.AppActivityViewer;
				PRODUCT_NAME = "$(TARGET_NAME)";
				SWIFT_EMIT_LOC_STRINGS = YES;
				SWIFT_VERSION = 5.0;
				TARGETED_DEVICE_FAMILY = 1;
			};
			name = Debug;
		};
		DB48EA4226824CB2009DE47E /* Release */ = {
			isa = XCBuildConfiguration;
			buildSettings = {
				ALWAYS_EMBED_SWIFT_STANDARD_LIBRARIES = YES;
				ASSETCATALOG_COMPILER_APPICON_NAME = AppIcon;
				ASSETCATALOG_COMPILER_GLOBAL_ACCENT_COLOR_NAME = AccentColor;
				CODE_SIGN_ENTITLEMENTS = AppActivityViewer/AppActivityViewer.entitlements;
				CODE_SIGN_STYLE = Automatic;
				CURRENT_PROJECT_VERSION = 1;
				DEVELOPMENT_ASSET_PATHS = "\"AppActivityViewer/Preview Content\"";
				DEVELOPMENT_TEAM = 345U2QDT6A;
				ENABLE_PREVIEWS = YES;
				GENERATE_INFOPLIST_FILE = YES;
				INFOPLIST_FILE = AppActivityViewer/Info.plist;
				INFOPLIST_KEY_CFBundleDisplayName = "App Activity";
				INFOPLIST_KEY_CFBundleExecutable = AppActivityViewer;
				INFOPLIST_KEY_CFBundleName = AppActivityViewer;
				INFOPLIST_KEY_CFBundleVersion = 1;
				INFOPLIST_KEY_UIApplicationSceneManifest_Generation = YES;
				INFOPLIST_KEY_UIApplicationSupportsIndirectInputEvents = YES;
				INFOPLIST_KEY_UILaunchScreen_Generation = YES;
				INFOPLIST_KEY_UISupportedInterfaceOrientations_iPad = "UIInterfaceOrientationPortrait UIInterfaceOrientationPortraitUpsideDown UIInterfaceOrientationLandscapeLeft UIInterfaceOrientationLandscapeRight";
				INFOPLIST_KEY_UISupportedInterfaceOrientations_iPhone = "UIInterfaceOrientationPortrait UIInterfaceOrientationLandscapeLeft UIInterfaceOrientationLandscapeRight";
				IPHONEOS_DEPLOYMENT_TARGET = 15.0;
				LD_RUNPATH_SEARCH_PATHS = (
					"$(inherited)",
					"@executable_path/Frameworks",
				);
				MARKETING_VERSION = 1.0;
				PRODUCT_BUNDLE_IDENTIFIER = cj.AppActivityViewer;
				PRODUCT_NAME = "$(TARGET_NAME)";
				SWIFT_EMIT_LOC_STRINGS = YES;
				SWIFT_VERSION = 5.0;
				TARGETED_DEVICE_FAMILY = 1;
			};
			name = Release;
		};
		DBC675A2268F91B400E5A5C0 /* Debug */ = {
			isa = XCBuildConfiguration;
			buildSettings = {
				CODE_SIGN_ENTITLEMENTS = ShareExtension/ShareExtension.entitlements;
				CODE_SIGN_STYLE = Automatic;
				CURRENT_PROJECT_VERSION = 1;
				DEVELOPMENT_TEAM = 345U2QDT6A;
				GENERATE_INFOPLIST_FILE = YES;
				INFOPLIST_FILE = ShareExtension/Info.plist;
				INFOPLIST_KEY_CFBundleDisplayName = ShareExtension;
				INFOPLIST_KEY_NSHumanReadableCopyright = "";
				LD_RUNPATH_SEARCH_PATHS = (
					"$(inherited)",
					"@executable_path/Frameworks",
					"@executable_path/../../Frameworks",
				);
				MARKETING_VERSION = 1.0;
				PRODUCT_BUNDLE_IDENTIFIER = cj.AppActivityViewer.ShareExtension;
				PRODUCT_NAME = "$(TARGET_NAME)";
				SKIP_INSTALL = YES;
				SWIFT_EMIT_LOC_STRINGS = YES;
				SWIFT_VERSION = 5.0;
				TARGETED_DEVICE_FAMILY = "1,2";
			};
			name = Debug;
		};
		DBC675A3268F91B400E5A5C0 /* Release */ = {
			isa = XCBuildConfiguration;
			buildSettings = {
				CODE_SIGN_ENTITLEMENTS = ShareExtension/ShareExtension.entitlements;
				CODE_SIGN_STYLE = Automatic;
				CURRENT_PROJECT_VERSION = 1;
				DEVELOPMENT_TEAM = 345U2QDT6A;
				GENERATE_INFOPLIST_FILE = YES;
				INFOPLIST_FILE = ShareExtension/Info.plist;
				INFOPLIST_KEY_CFBundleDisplayName = ShareExtension;
				INFOPLIST_KEY_NSHumanReadableCopyright = "";
				LD_RUNPATH_SEARCH_PATHS = (
					"$(inherited)",
					"@executable_path/Frameworks",
					"@executable_path/../../Frameworks",
				);
				MARKETING_VERSION = 1.0;
				PRODUCT_BUNDLE_IDENTIFIER = cj.AppActivityViewer.ShareExtension;
				PRODUCT_NAME = "$(TARGET_NAME)";
				SKIP_INSTALL = YES;
				SWIFT_EMIT_LOC_STRINGS = YES;
				SWIFT_VERSION = 5.0;
				TARGETED_DEVICE_FAMILY = "1,2";
			};
			name = Release;
		};
/* End XCBuildConfiguration section */

/* Begin XCConfigurationList section */
		DB48EA2D26824CB0009DE47E /* Build configuration list for PBXProject "AppActivityViewer" */ = {
			isa = XCConfigurationList;
			buildConfigurations = (
				DB48EA3E26824CB2009DE47E /* Debug */,
				DB48EA3F26824CB2009DE47E /* Release */,
			);
			defaultConfigurationIsVisible = 0;
			defaultConfigurationName = Release;
		};
		DB48EA4026824CB2009DE47E /* Build configuration list for PBXNativeTarget "AppActivityViewer" */ = {
			isa = XCConfigurationList;
			buildConfigurations = (
				DB48EA4126824CB2009DE47E /* Debug */,
				DB48EA4226824CB2009DE47E /* Release */,
			);
			defaultConfigurationIsVisible = 0;
			defaultConfigurationName = Release;
		};
		DBC675A1268F91B400E5A5C0 /* Build configuration list for PBXNativeTarget "ShareExtension" */ = {
			isa = XCConfigurationList;
			buildConfigurations = (
				DBC675A2268F91B400E5A5C0 /* Debug */,
				DBC675A3268F91B400E5A5C0 /* Release */,
			);
			defaultConfigurationIsVisible = 0;
			defaultConfigurationName = Release;
		};
/* End XCConfigurationList section */
	};
	rootObject = DB48EA2A26824CB0009DE47E /* Project object */;
}
